
Microsoft Visual Studio Solution File, Format Version 12.00
# Visual Studio Version 17
VisualStudioVersion = 17.4.33213.308
MinimumVisualStudioVersion = 10.0.40219.1
Project("{FAE04EC0-301F-11D3-BF4B-00C04F79EFBC}") = "Signleton", "Signleton\Signleton.csproj", "{981DA021-F7FC-49FE-B083-30C7D2F89A9E}"
EndProject
Project("{FAE04EC0-301F-11D3-BF4B-00C04F79EFBC}") = "Prototype", "Prototype\Prototype.csproj", "{0436C4BF-518C-4050-8CB6-47508A82C929}"
EndProject
Project("{FAE04EC0-301F-11D3-BF4B-00C04F79EFBC}") = "FactoryMethod", "FactoryMethod\FactoryMethod.csproj", "{D32C699E-F58B-47FF-9E08-63E2FE09196B}"
EndProject
Global
	GlobalSection(SolutionConfigurationPlatforms) = preSolution
		Debug|Any CPU = Debug|Any CPU
		Release|Any CPU = Release|Any CPU
	EndGlobalSection
	GlobalSection(ProjectConfigurationPlatforms) = postSolution
		{981DA021-F7FC-49FE-B083-30C7D2F89A9E}.Debug|Any CPU.ActiveCfg = Debug|Any CPU
		{981DA021-F7FC-49FE-B083-30C7D2F89A9E}.Debug|Any CPU.Build.0 = Debug|Any CPU
		{981DA021-F7FC-49FE-B083-30C7D2F89A9E}.Release|Any CPU.ActiveCfg = Release|Any CPU
		{981DA021-F7FC-49FE-B083-30C7D2F89A9E}.Release|Any CPU.Build.0 = Release|Any CPU
		{0436C4BF-518C-4050-8CB6-47508A82C929}.Debug|Any CPU.ActiveCfg = Debug|Any CPU
		{0436C4BF-518C-4050-8CB6-47508A82C929}.Debug|Any CPU.Build.0 = Debug|Any CPU
		{0436C4BF-518C-4050-8CB6-47508A82C929}.Release|Any CPU.ActiveCfg = Release|Any CPU
		{0436C4BF-518C-4050-8CB6-47508A82C929}.Release|Any CPU.Build.0 = Release|Any CPU
		{D32C699E-F58B-47FF-9E08-63E2FE09196B}.Debug|Any CPU.ActiveCfg = Debug|Any CPU
		{D32C699E-F58B-47FF-9E08-63E2FE09196B}.Debug|Any CPU.Build.0 = Debug|Any CPU
		{D32C699E-F58B-47FF-9E08-63E2FE09196B}.Release|Any CPU.ActiveCfg = Release|Any CPU
		{D32C699E-F58B-47FF-9E08-63E2FE09196B}.Release|Any CPU.Build.0 = Release|Any CPU
	EndGlobalSection
	GlobalSection(SolutionProperties) = preSolution
		HideSolutionNode = FALSE
	EndGlobalSection
	GlobalSection(ExtensibilityGlobals) = postSolution
		SolutionGuid = {842C60B6-2D52-4FD8-B33B-4F0F804DA1E2}
	EndGlobalSection
EndGlobal
